
Microsoft Visual Studio Solution File, Format Version 12.00
# Visual Studio Version 17
VisualStudioVersion = 17.0.32014.148
MinimumVisualStudioVersion = 10.0.40219.1
Project("{9A19103F-16F7-4668-BE54-9A1E7A4F7556}") = "Simple.Wpf.DataGrid", "Simple.Wpf.DataGrid\Simple.Wpf.DataGrid.csproj", "{3C3ED4EA-DC15-4286-B023-4951DFDDCB35}"
EndProject
Project("{9A19103F-16F7-4668-BE54-9A1E7A4F7556}") = "Simple.Wpf.DataGrid.Tests", "Simple.Wpf.DataGrid.Tests\Simple.Wpf.DataGrid.Tests.csproj", "{7F37C3C0-31CF-45A4-AD11-0B2B661240D3}"
EndProject
Project("{2150E333-8FDC-42A3-9474-1A3956D46DE8}") = "Solution Items", "Solution Items", "{C212FD2A-4264-463A-894B-643B6E27BB85}"
	ProjectSection(SolutionItems) = preProject
		.editorconfig = .editorconfig
	EndProjectSection
EndProject
Global
	GlobalSection(SolutionConfigurationPlatforms) = preSolution
		Debug|Any CPU = Debug|Any CPU
		Release|Any CPU = Release|Any CPU
	EndGlobalSection
	GlobalSection(ProjectConfigurationPlatforms) = postSolution
		{3C3ED4EA-DC15-4286-B023-4951DFDDCB35}.Debug|Any CPU.ActiveCfg = Debug|Any CPU
		{3C3ED4EA-DC15-4286-B023-4951DFDDCB35}.Debug|Any CPU.Build.0 = Debug|Any CPU
		{3C3ED4EA-DC15-4286-B023-4951DFDDCB35}.Release|Any CPU.ActiveCfg = Release|Any CPU
		{3C3ED4EA-DC15-4286-B023-4951DFDDCB35}.Release|Any CPU.Build.0 = Release|Any CPU
		{7F37C3C0-31CF-45A4-AD11-0B2B661240D3}.Debug|Any CPU.ActiveCfg = Debug|Any CPU
		{7F37C3C0-31CF-45A4-AD11-0B2B661240D3}.Debug|Any CPU.Build.0 = Debug|Any CPU
		{7F37C3C0-31CF-45A4-AD11-0B2B661240D3}.Release|Any CPU.ActiveCfg = Release|Any CPU
		{7F37C3C0-31CF-45A4-AD11-0B2B661240D3}.Release|Any CPU.Build.0 = Release|Any CPU
	EndGlobalSection
	GlobalSection(SolutionProperties) = preSolution
		HideSolutionNode = FALSE
	EndGlobalSection
	GlobalSection(ExtensibilityGlobals) = postSolution
		SolutionGuid = {11E65069-BA80-4B25-818B-5A216812829A}
	EndGlobalSection
EndGlobal
